# This file is automatically @generated by Cargo.
# It is not intended for manual editing.
[[package]]
name = "cstr_core"
version = "0.1.2"
source = "registry+https://github.com/rust-lang/crates.io-index"
checksum = "6ebe7158ee57e848621d24d0ed87910edb97639cb94ad9977edf440e31226035"
dependencies = [
 "cty 0.1.5",
 "memchr",
]

[[package]]
name = "cty"
version = "0.1.5"
source = "registry+https://github.com/rust-lang/crates.io-index"
checksum = "c4e1d41c471573612df00397113557693b5bf5909666a8acb253930612b93312"

[[package]]
name = "cty"
version = "0.2.1"
source = "registry+https://github.com/rust-lang/crates.io-index"
checksum = "7313c0d620d0cb4dbd9d019e461a4beb501071ff46ec0ab933efb4daa76d73e3"

[[package]]
name = "embedded-ffi"
version = "0.1.2"
source = "registry+https://github.com/rust-lang/crates.io-index"
checksum = "fd14f599e42fab407e90a1f197f0e41a180fa7cfffa1983fe9b15e31f5b30f32"
dependencies = [
 "cstr_core",
]

[[package]]
name = "ice-70098"
version = "0.1.0"
dependencies = [
 "ndless-handler",
]

[[package]]
name = "memchr"
version = "2.3.3"
source = "registry+https://github.com/rust-lang/crates.io-index"
checksum = "3728d817d99e5ac407411fa471ff9800a778d88a24685968b36824eaf4bee400"

[[package]]
name = "ndless"
version = "0.8.5"
source = "registry+https://github.com/rust-lang/crates.io-index"
checksum = "3b949c7f1610db133f07608dc9b18f2d55106f2af085d328a9a7ec34a596b1f3"
dependencies = [
 "cstr_core",
 "cty 0.2.1",
 "embedded-ffi",
 "ndless-macros",
 "ndless-static-vars",
 "ndless-sys",
]

[[package]]
name = "ndless-handler"
version = "0.2.1"
source = "registry+https://github.com/rust-lang/crates.io-index"
checksum = "a0b70e3f7b05c9ae5d4a06fbc893e426146e3ea0a90d980a0d932590613b2173"
dependencies = [
 "cty 0.2.1",
 "ndless",
 "ndless-sys",
]

[[package]]
name = "ndless-macros"
version = "0.4.0"
source = "registry+https://github.com/rust-lang/crates.io-index"
checksum = "5e85690a54ad1a967e402b0c3f1def10fb77654ba8225da5a394f2fe62eb275c"
dependencies = [
 "cty 0.1.5",
 "ndless-static-vars",
 "proc-macro2",
 "quote",
 "syn",
]

[[package]]
name = "ndless-static-vars"
version = "2.1.0"
source = "registry+https://github.com/rust-lang/crates.io-index"
checksum = "8a79eb8c316aaa16a603b30b1029954cfefb7fdee709d9e0f3ec1473cdf52d5f"
dependencies = [
 "cty 0.2.1",
]

[[package]]
name = "ndless-sys"
version = "0.2.0"
source = "registry+https://github.com/rust-lang/crates.io-index"
checksum = "0420fb0a8dd269e7b48b21367650ae9a849bc5ad224b92d2fc511ea251a056c7"
dependencies = [
 "cty 0.2.1",
]

[[package]]
name = "proc-macro2"
version = "1.0.10"
source = "registry+https://github.com/rust-lang/crates.io-index"
checksum = "df246d292ff63439fea9bc8c0a270bed0e390d5ebd4db4ba15aba81111b5abe3"
dependencies = [
 "unicode-xid",
]

[[package]]
name = "quote"
version = "1.0.3"
source = "registry+https://github.com/rust-lang/crates.io-index"
checksum = "2bdc6c187c65bca4260c9011c9e3132efe4909da44726bad24cf7572ae338d7f"
dependencies = [
 "proc-macro2",
]

[[package]]
name = "syn"
version = "1.0.17"
source = "registry+https://github.com/rust-lang/crates.io-index"
checksum = "0df0eb663f387145cab623dea85b09c2c5b4b0aef44e945d928e682fce71bb03"
dependencies = [
 "proc-macro2",
 "quote",
 "unicode-xid",
]

[[package]]
name = "unicode-xid"
version = "0.2.0"
source = "registry+https://github.com/rust-lang/crates.io-index"
checksum = "826e7639553986605ec5979c7dd957c7895e93eabed50ab2ffa7f6128a75097c"
